// !$*UTF8*$!
{
	archiveVersion = 1;
	classes = {
	};
	objectVersion = 56;
	objects = {

/* Begin PBXBuildFile section */
		2BC371202A2C9DE0004D45E2 /* AppDelegate.swift in Sources */ = {isa = PBXBuildFile; fileRef = 2BC3711F2A2C9DE0004D45E2 /* AppDelegate.swift */; };
		2BC371222A2C9DE0004D45E2 /* SceneDelegate.swift in Sources */ = {isa = PBXBuildFile; fileRef = 2BC371212A2C9DE0004D45E2 /* SceneDelegate.swift */; };
		2BC371272A2C9DE0004D45E2 /* Main.storyboard in Resources */ = {isa = PBXBuildFile; fileRef = 2BC371252A2C9DE0004D45E2 /* Main.storyboard */; };
		2BC371292A2C9DE1004D45E2 /* Assets.xcassets in Resources */ = {isa = PBXBuildFile; fileRef = 2BC371282A2C9DE1004D45E2 /* Assets.xcassets */; };
		2BC3712C2A2C9DE1004D45E2 /* LaunchScreen.storyboard in Resources */ = {isa = PBXBuildFile; fileRef = 2BC3712A2A2C9DE1004D45E2 /* LaunchScreen.storyboard */; };
		2BC371342A2C9E62004D45E2 /* GameListViewController.swift in Sources */ = {isa = PBXBuildFile; fileRef = 2BC371332A2C9E62004D45E2 /* GameListViewController.swift */; };
		2BC371362A2C9EA4004D45E2 /* OneGameViewController.swift in Sources */ = {isa = PBXBuildFile; fileRef = 2BC371352A2C9EA4004D45E2 /* OneGameViewController.swift */; };
		2BC371382A2C9EB7004D45E2 /* TwoGameViewController.swift in Sources */ = {isa = PBXBuildFile; fileRef = 2BC371372A2C9EB7004D45E2 /* TwoGameViewController.swift */; };
		2BC3713A2A2C9EC4004D45E2 /* ThreeGameViewController.swift in Sources */ = {isa = PBXBuildFile; fileRef = 2BC371392A2C9EC4004D45E2 /* ThreeGameViewController.swift */; };
		2BC3713C2A2CA3AF004D45E2 /* ResultViewController.swift in Sources */ = {isa = PBXBuildFile; fileRef = 2BC3713B2A2CA3AF004D45E2 /* ResultViewController.swift */; };
		2BC3713E2A2CA5BE004D45E2 /* HelloViewController.swift in Sources */ = {isa = PBXBuildFile; fileRef = 2BC3713D2A2CA5BE004D45E2 /* HelloViewController.swift */; };
		2BC371402A2CA5D9004D45E2 /* PeopleInfoViewController.swift in Sources */ = {isa = PBXBuildFile; fileRef = 2BC3713F2A2CA5D9004D45E2 /* PeopleInfoViewController.swift */; };
		2BC3714C2A2CA841004D45E2 /* ThreeTabBarController.swift in Sources */ = {isa = PBXBuildFile; fileRef = 2BC3714B2A2CA841004D45E2 /* ThreeTabBarController.swift */; };
		2BC371502A2CA873004D45E2 /* TwoTabBarCotroller.swift in Sources */ = {isa = PBXBuildFile; fileRef = 2BC3714F2A2CA873004D45E2 /* TwoTabBarCotroller.swift */; };
		2BC371522A2CA884004D45E2 /* OneTabBarController.swift in Sources */ = {isa = PBXBuildFile; fileRef = 2BC371512A2CA884004D45E2 /* OneTabBarController.swift */; };
		2BC371542A2CAA3D004D45E2 /* DataStore.swift in Sources */ = {isa = PBXBuildFile; fileRef = 2BC371532A2CAA3D004D45E2 /* DataStore.swift */; };
		2BC371572A2CABD2004D45E2 /* Game.swift in Sources */ = {isa = PBXBuildFile; fileRef = 2BC371562A2CABD2004D45E2 /* Game.swift */; };
		2BC3715A2A2CB7E5004D45E2 /* OneRulesViewController.swift in Sources */ = {isa = PBXBuildFile; fileRef = 2BC371592A2CB7E5004D45E2 /* OneRulesViewController.swift */; };
		2BC3715C2A2CB7F0004D45E2 /* TwoRulesViewController.swift in Sources */ = {isa = PBXBuildFile; fileRef = 2BC3715B2A2CB7F0004D45E2 /* TwoRulesViewController.swift */; };
		2BC3715E2A2CB7F8004D45E2 /* ThreeRulesViewController.swift in Sources */ = {isa = PBXBuildFile; fileRef = 2BC3715D2A2CB7F8004D45E2 /* ThreeRulesViewController.swift */; };
		84EB1F322A34468B00F67636 /* AuthorTableViewController.swift in Sources */ = {isa = PBXBuildFile; fileRef = 84EB1F312A34468B00F67636 /* AuthorTableViewController.swift */; };
		84EB1F342A344F9800F67636 /* DeveloperInformationViewController.swift in Sources */ = {isa = PBXBuildFile; fileRef = 84EB1F332A344F9800F67636 /* DeveloperInformationViewController.swift */; };
/* End PBXBuildFile section */

/* Begin PBXFileReference section */
		2BC3711C2A2C9DE0004D45E2 /* Guessing.app */ = {isa = PBXFileReference; explicitFileType = wrapper.application; includeInIndex = 0; path = Guessing.app; sourceTree = BUILT_PRODUCTS_DIR; };
		2BC3711F2A2C9DE0004D45E2 /* AppDelegate.swift */ = {isa = PBXFileReference; lastKnownFileType = sourcecode.swift; path = AppDelegate.swift; sourceTree = "<group>"; };
		2BC371212A2C9DE0004D45E2 /* SceneDelegate.swift */ = {isa = PBXFileReference; lastKnownFileType = sourcecode.swift; path = SceneDelegate.swift; sourceTree = "<group>"; };
		2BC371262A2C9DE0004D45E2 /* Base */ = {isa = PBXFileReference; lastKnownFileType = file.storyboard; name = Base; path = Base.lproj/Main.storyboard; sourceTree = "<group>"; };
		2BC371282A2C9DE1004D45E2 /* Assets.xcassets */ = {isa = PBXFileReference; lastKnownFileType = folder.assetcatalog; path = Assets.xcassets; sourceTree = "<group>"; };
		2BC3712B2A2C9DE1004D45E2 /* Base */ = {isa = PBXFileReference; lastKnownFileType = file.storyboard; name = Base; path = Base.lproj/LaunchScreen.storyboard; sourceTree = "<group>"; };
		2BC3712D2A2C9DE1004D45E2 /* Info.plist */ = {isa = PBXFileReference; lastKnownFileType = text.plist.xml; path = Info.plist; sourceTree = "<group>"; };
		2BC371332A2C9E62004D45E2 /* GameListViewController.swift */ = {isa = PBXFileReference; lastKnownFileType = sourcecode.swift; path = GameListViewController.swift; sourceTree = "<group>"; };
		2BC371352A2C9EA4004D45E2 /* OneGameViewController.swift */ = {isa = PBXFileReference; lastKnownFileType = sourcecode.swift; path = OneGameViewController.swift; sourceTree = "<group>"; };
		2BC371372A2C9EB7004D45E2 /* TwoGameViewController.swift */ = {isa = PBXFileReference; lastKnownFileType = sourcecode.swift; path = TwoGameViewController.swift; sourceTree = "<group>"; };
		2BC371392A2C9EC4004D45E2 /* ThreeGameViewController.swift */ = {isa = PBXFileReference; lastKnownFileType = sourcecode.swift; path = ThreeGameViewController.swift; sourceTree = "<group>"; };
		2BC3713B2A2CA3AF004D45E2 /* ResultViewController.swift */ = {isa = PBXFileReference; lastKnownFileType = sourcecode.swift; path = ResultViewController.swift; sourceTree = "<group>"; };
		2BC3713D2A2CA5BE004D45E2 /* HelloViewController.swift */ = {isa = PBXFileReference; lastKnownFileType = sourcecode.swift; path = HelloViewController.swift; sourceTree = "<group>"; };
		2BC3713F2A2CA5D9004D45E2 /* PeopleInfoViewController.swift */ = {isa = PBXFileReference; lastKnownFileType = sourcecode.swift; path = PeopleInfoViewController.swift; sourceTree = "<group>"; };
		2BC3714B2A2CA841004D45E2 /* ThreeTabBarController.swift */ = {isa = PBXFileReference; lastKnownFileType = sourcecode.swift; path = ThreeTabBarController.swift; sourceTree = "<group>"; };
		2BC3714F2A2CA873004D45E2 /* TwoTabBarCotroller.swift */ = {isa = PBXFileReference; lastKnownFileType = sourcecode.swift; path = TwoTabBarCotroller.swift; sourceTree = "<group>"; };
		2BC371512A2CA884004D45E2 /* OneTabBarController.swift */ = {isa = PBXFileReference; lastKnownFileType = sourcecode.swift; path = OneTabBarController.swift; sourceTree = "<group>"; };
		2BC371532A2CAA3D004D45E2 /* DataStore.swift */ = {isa = PBXFileReference; lastKnownFileType = sourcecode.swift; path = DataStore.swift; sourceTree = "<group>"; };
		2BC371562A2CABD2004D45E2 /* Game.swift */ = {isa = PBXFileReference; lastKnownFileType = sourcecode.swift; path = Game.swift; sourceTree = "<group>"; };
		2BC371592A2CB7E5004D45E2 /* OneRulesViewController.swift */ = {isa = PBXFileReference; lastKnownFileType = sourcecode.swift; path = OneRulesViewController.swift; sourceTree = "<group>"; };
		2BC3715B2A2CB7F0004D45E2 /* TwoRulesViewController.swift */ = {isa = PBXFileReference; lastKnownFileType = sourcecode.swift; path = TwoRulesViewController.swift; sourceTree = "<group>"; };
		2BC3715D2A2CB7F8004D45E2 /* ThreeRulesViewController.swift */ = {isa = PBXFileReference; lastKnownFileType = sourcecode.swift; path = ThreeRulesViewController.swift; sourceTree = "<group>"; };
		84EB1F312A34468B00F67636 /* AuthorTableViewController.swift */ = {isa = PBXFileReference; lastKnownFileType = sourcecode.swift; path = AuthorTableViewController.swift; sourceTree = "<group>"; };
		84EB1F332A344F9800F67636 /* DeveloperInformationViewController.swift */ = {isa = PBXFileReference; lastKnownFileType = sourcecode.swift; path = DeveloperInformationViewController.swift; sourceTree = "<group>"; };
/* End PBXFileReference section */

/* Begin PBXFrameworksBuildPhase section */
		2BC371192A2C9DE0004D45E2 /* Frameworks */ = {
			isa = PBXFrameworksBuildPhase;
			buildActionMask = 2147483647;
			files = (
			);
			runOnlyForDeploymentPostprocessing = 0;
		};
/* End PBXFrameworksBuildPhase section */

/* Begin PBXGroup section */
		2BC371132A2C9DE0004D45E2 = {
			isa = PBXGroup;
			children = (
				2BC3711E2A2C9DE0004D45E2 /* Guessing */,
				2BC3711D2A2C9DE0004D45E2 /* Products */,
			);
			sourceTree = "<group>";
		};
		2BC3711D2A2C9DE0004D45E2 /* Products */ = {
			isa = PBXGroup;
			children = (
				2BC3711C2A2C9DE0004D45E2 /* Guessing.app */,
			);
			name = Products;
			sourceTree = "<group>";
		};
		2BC3711E2A2C9DE0004D45E2 /* Guessing */ = {
			isa = PBXGroup;
			children = (
				2BC371582A2CABD7004D45E2 /* Models */,
				2BC371552A2CAA47004D45E2 /* Services */,
				2BC371412A2CA5FA004D45E2 /* App */,
				2BC371442A2CA624004D45E2 /* ViewControllers */,
				2BC371432A2CA614004D45E2 /* Resources */,
				2BC371422A2CA606004D45E2 /* Storyboards */,
			);
			path = Guessing;
			sourceTree = "<group>";
		};
		2BC371412A2CA5FA004D45E2 /* App */ = {
			isa = PBXGroup;
			children = (
				2BC3711F2A2C9DE0004D45E2 /* AppDelegate.swift */,
				2BC371212A2C9DE0004D45E2 /* SceneDelegate.swift */,
				2BC3712D2A2C9DE1004D45E2 /* Info.plist */,
			);
			path = App;
			sourceTree = "<group>";
		};
		2BC371422A2CA606004D45E2 /* Storyboards */ = {
			isa = PBXGroup;
			children = (
				2BC371252A2C9DE0004D45E2 /* Main.storyboard */,
				2BC3712A2A2C9DE1004D45E2 /* LaunchScreen.storyboard */,
			);
			path = Storyboards;
			sourceTree = "<group>";
		};
		2BC371432A2CA614004D45E2 /* Resources */ = {
			isa = PBXGroup;
			children = (
				2BC371282A2C9DE1004D45E2 /* Assets.xcassets */,
			);
			path = Resources;
			sourceTree = "<group>";
		};
		2BC371442A2CA624004D45E2 /* ViewControllers */ = {
			isa = PBXGroup;
			children = (
				2BC3713D2A2CA5BE004D45E2 /* HelloViewController.swift */,
				2BC3713F2A2CA5D9004D45E2 /* PeopleInfoViewController.swift */,
				2BC371332A2C9E62004D45E2 /* GameListViewController.swift */,
				2BC371512A2CA884004D45E2 /* OneTabBarController.swift */,
				2BC371352A2C9EA4004D45E2 /* OneGameViewController.swift */,
				2BC371592A2CB7E5004D45E2 /* OneRulesViewController.swift */,
				2BC3714F2A2CA873004D45E2 /* TwoTabBarCotroller.swift */,
				2BC371372A2C9EB7004D45E2 /* TwoGameViewController.swift */,
				2BC3715B2A2CB7F0004D45E2 /* TwoRulesViewController.swift */,
				2BC3714B2A2CA841004D45E2 /* ThreeTabBarController.swift */,
				2BC371392A2C9EC4004D45E2 /* ThreeGameViewController.swift */,
				2BC3715D2A2CB7F8004D45E2 /* ThreeRulesViewController.swift */,
				2BC3713B2A2CA3AF004D45E2 /* ResultViewController.swift */,
				84EB1F312A34468B00F67636 /* AuthorTableViewController.swift */,
				84EB1F332A344F9800F67636 /* DeveloperInformationViewController.swift */,
			);
			path = ViewControllers;
			sourceTree = "<group>";
		};
		2BC371552A2CAA47004D45E2 /* Services */ = {
			isa = PBXGroup;
			children = (
				2BC371532A2CAA3D004D45E2 /* DataStore.swift */,
			);
			path = Services;
			sourceTree = "<group>";
		};
		2BC371582A2CABD7004D45E2 /* Models */ = {
			isa = PBXGroup;
			children = (
				2BC371562A2CABD2004D45E2 /* Game.swift */,
			);
			path = Models;
			sourceTree = "<group>";
		};
/* End PBXGroup section */

/* Begin PBXNativeTarget section */
		2BC3711B2A2C9DE0004D45E2 /* Guessing */ = {
			isa = PBXNativeTarget;
			buildConfigurationList = 2BC371302A2C9DE1004D45E2 /* Build configuration list for PBXNativeTarget "Guessing" */;
			buildPhases = (
				2BC371182A2C9DE0004D45E2 /* Sources */,
				2BC371192A2C9DE0004D45E2 /* Frameworks */,
				2BC3711A2A2C9DE0004D45E2 /* Resources */,
			);
			buildRules = (
			);
			dependencies = (
			);
			name = Guessing;
			productName = Guessing;
			productReference = 2BC3711C2A2C9DE0004D45E2 /* Guessing.app */;
			productType = "com.apple.product-type.application";
		};
/* End PBXNativeTarget section */

/* Begin PBXProject section */
		2BC371142A2C9DE0004D45E2 /* Project object */ = {
			isa = PBXProject;
			attributes = {
				BuildIndependentTargetsInParallel = 1;
				LastSwiftUpdateCheck = 1430;
				LastUpgradeCheck = 1430;
				TargetAttributes = {
					2BC3711B2A2C9DE0004D45E2 = {
						CreatedOnToolsVersion = 14.3;
					};
				};
			};
			buildConfigurationList = 2BC371172A2C9DE0004D45E2 /* Build configuration list for PBXProject "Guessing" */;
			compatibilityVersion = "Xcode 14.0";
			developmentRegion = en;
			hasScannedForEncodings = 0;
			knownRegions = (
				en,
				Base,
			);
			mainGroup = 2BC371132A2C9DE0004D45E2;
			productRefGroup = 2BC3711D2A2C9DE0004D45E2 /* Products */;
			projectDirPath = "";
			projectRoot = "";
			targets = (
				2BC3711B2A2C9DE0004D45E2 /* Guessing */,
			);
		};
/* End PBXProject section */

/* Begin PBXResourcesBuildPhase section */
		2BC3711A2A2C9DE0004D45E2 /* Resources */ = {
			isa = PBXResourcesBuildPhase;
			buildActionMask = 2147483647;
			files = (
				2BC3712C2A2C9DE1004D45E2 /* LaunchScreen.storyboard in Resources */,
				2BC371292A2C9DE1004D45E2 /* Assets.xcassets in Resources */,
				2BC371272A2C9DE0004D45E2 /* Main.storyboard in Resources */,
			);
			runOnlyForDeploymentPostprocessing = 0;
		};
/* End PBXResourcesBuildPhase section */

/* Begin PBXSourcesBuildPhase section */
		2BC371182A2C9DE0004D45E2 /* Sources */ = {
			isa = PBXSourcesBuildPhase;
			buildActionMask = 2147483647;
			files = (
				2BC371542A2CAA3D004D45E2 /* DataStore.swift in Sources */,
				2BC3715A2A2CB7E5004D45E2 /* OneRulesViewController.swift in Sources */,
				2BC371202A2C9DE0004D45E2 /* AppDelegate.swift in Sources */,
				2BC371402A2CA5D9004D45E2 /* PeopleInfoViewController.swift in Sources */,
				2BC371362A2C9EA4004D45E2 /* OneGameViewController.swift in Sources */,
				2BC3713C2A2CA3AF004D45E2 /* ResultViewController.swift in Sources */,
				2BC371342A2C9E62004D45E2 /* GameListViewController.swift in Sources */,
				2BC371222A2C9DE0004D45E2 /* SceneDelegate.swift in Sources */,
				84EB1F322A34468B00F67636 /* AuthorTableViewController.swift in Sources */,
				2BC371522A2CA884004D45E2 /* OneTabBarController.swift in Sources */,
				2BC371382A2C9EB7004D45E2 /* TwoGameViewController.swift in Sources */,
				2BC371572A2CABD2004D45E2 /* Game.swift in Sources */,
				2BC3715C2A2CB7F0004D45E2 /* TwoRulesViewController.swift in Sources */,
				2BC3713A2A2C9EC4004D45E2 /* ThreeGameViewController.swift in Sources */,
				2BC3714C2A2CA841004D45E2 /* ThreeTabBarController.swift in Sources */,
				2BC3713E2A2CA5BE004D45E2 /* HelloViewController.swift in Sources */,
				2BC371502A2CA873004D45E2 /* TwoTabBarCotroller.swift in Sources */,
				2BC3715E2A2CB7F8004D45E2 /* ThreeRulesViewController.swift in Sources */,
				84EB1F342A344F9800F67636 /* DeveloperInformationViewController.swift in Sources */,
			);
			runOnlyForDeploymentPostprocessing = 0;
		};
/* End PBXSourcesBuildPhase section */

/* Begin PBXVariantGroup section */
		2BC371252A2C9DE0004D45E2 /* Main.storyboard */ = {
			isa = PBXVariantGroup;
			children = (
				2BC371262A2C9DE0004D45E2 /* Base */,
			);
			name = Main.storyboard;
			sourceTree = "<group>";
		};
		2BC3712A2A2C9DE1004D45E2 /* LaunchScreen.storyboard */ = {
			isa = PBXVariantGroup;
			children = (
				2BC3712B2A2C9DE1004D45E2 /* Base */,
			);
			name = LaunchScreen.storyboard;
			sourceTree = "<group>";
		};
/* End PBXVariantGroup section */

/* Begin XCBuildConfiguration section */
		2BC3712E2A2C9DE1004D45E2 /* Debug */ = {
			isa = XCBuildConfiguration;
			buildSettings = {
				ALWAYS_SEARCH_USER_PATHS = NO;
				CLANG_ANALYZER_NONNULL = YES;
				CLANG_ANALYZER_NUMBER_OBJECT_CONVERSION = YES_AGGRESSIVE;
				CLANG_CXX_LANGUAGE_STANDARD = "gnu++20";
				CLANG_ENABLE_MODULES = YES;
				CLANG_ENABLE_OBJC_ARC = YES;
				CLANG_ENABLE_OBJC_WEAK = YES;
				CLANG_WARN_BLOCK_CAPTURE_AUTORELEASING = YES;
				CLANG_WARN_BOOL_CONVERSION = YES;
				CLANG_WARN_COMMA = YES;
				CLANG_WARN_CONSTANT_CONVERSION = YES;
				CLANG_WARN_DEPRECATED_OBJC_IMPLEMENTATIONS = YES;
				CLANG_WARN_DIRECT_OBJC_ISA_USAGE = YES_ERROR;
				CLANG_WARN_DOCUMENTATION_COMMENTS = YES;
				CLANG_WARN_EMPTY_BODY = YES;
				CLANG_WARN_ENUM_CONVERSION = YES;
				CLANG_WARN_INFINITE_RECURSION = YES;
				CLANG_WARN_INT_CONVERSION = YES;
				CLANG_WARN_NON_LITERAL_NULL_CONVERSION = YES;
				CLANG_WARN_OBJC_IMPLICIT_RETAIN_SELF = YES;
				CLANG_WARN_OBJC_LITERAL_CONVERSION = YES;
				CLANG_WARN_OBJC_ROOT_CLASS = YES_ERROR;
				CLANG_WARN_QUOTED_INCLUDE_IN_FRAMEWORK_HEADER = YES;
				CLANG_WARN_RANGE_LOOP_ANALYSIS = YES;
				CLANG_WARN_STRICT_PROTOTYPES = YES;
				CLANG_WARN_SUSPICIOUS_MOVE = YES;
				CLANG_WARN_UNGUARDED_AVAILABILITY = YES_AGGRESSIVE;
				CLANG_WARN_UNREACHABLE_CODE = YES;
				CLANG_WARN__DUPLICATE_METHOD_MATCH = YES;
				COPY_PHASE_STRIP = NO;
				DEBUG_INFORMATION_FORMAT = dwarf;
				ENABLE_STRICT_OBJC_MSGSEND = YES;
				ENABLE_TESTABILITY = YES;
				GCC_C_LANGUAGE_STANDARD = gnu11;
				GCC_DYNAMIC_NO_PIC = NO;
				GCC_NO_COMMON_BLOCKS = YES;
				GCC_OPTIMIZATION_LEVEL = 0;
				GCC_PREPROCESSOR_DEFINITIONS = (
					"DEBUG=1",
					"$(inherited)",
				);
				GCC_WARN_64_TO_32_BIT_CONVERSION = YES;
				GCC_WARN_ABOUT_RETURN_TYPE = YES_ERROR;
				GCC_WARN_UNDECLARED_SELECTOR = YES;
				GCC_WARN_UNINITIALIZED_AUTOS = YES_AGGRESSIVE;
				GCC_WARN_UNUSED_FUNCTION = YES;
				GCC_WARN_UNUSED_VARIABLE = YES;
				IPHONEOS_DEPLOYMENT_TARGET = 16.4;
				MTL_ENABLE_DEBUG_INFO = INCLUDE_SOURCE;
				MTL_FAST_MATH = YES;
				ONLY_ACTIVE_ARCH = YES;
				SDKROOT = iphoneos;
				SWIFT_ACTIVE_COMPILATION_CONDITIONS = DEBUG;
				SWIFT_OPTIMIZATION_LEVEL = "-Onone";
			};
			name = Debug;
		};
		2BC3712F2A2C9DE1004D45E2 /* Release */ = {
			isa = XCBuildConfiguration;
			buildSettings = {
				ALWAYS_SEARCH_USER_PATHS = NO;
				CLANG_ANALYZER_NONNULL = YES;
				CLANG_ANALYZER_NUMBER_OBJECT_CONVERSION = YES_AGGRESSIVE;
				CLANG_CXX_LANGUAGE_STANDARD = "gnu++20";
				CLANG_ENABLE_MODULES = YES;
				CLANG_ENABLE_OBJC_ARC = YES;
				CLANG_ENABLE_OBJC_WEAK = YES;
				CLANG_WARN_BLOCK_CAPTURE_AUTORELEASING = YES;
				CLANG_WARN_BOOL_CONVERSION = YES;
				CLANG_WARN_COMMA = YES;
				CLANG_WARN_CONSTANT_CONVERSION = YES;
				CLANG_WARN_DEPRECATED_OBJC_IMPLEMENTATIONS = YES;
				CLANG_WARN_DIRECT_OBJC_ISA_USAGE = YES_ERROR;
				CLANG_WARN_DOCUMENTATION_COMMENTS = YES;
				CLANG_WARN_EMPTY_BODY = YES;
				CLANG_WARN_ENUM_CONVERSION = YES;
				CLANG_WARN_INFINITE_RECURSION = YES;
				CLANG_WARN_INT_CONVERSION = YES;
				CLANG_WARN_NON_LITERAL_NULL_CONVERSION = YES;
				CLANG_WARN_OBJC_IMPLICIT_RETAIN_SELF = YES;
				CLANG_WARN_OBJC_LITERAL_CONVERSION = YES;
				CLANG_WARN_OBJC_ROOT_CLASS = YES_ERROR;
				CLANG_WARN_QUOTED_INCLUDE_IN_FRAMEWORK_HEADER = YES;
				CLANG_WARN_RANGE_LOOP_ANALYSIS = YES;
				CLANG_WARN_STRICT_PROTOTYPES = YES;
				CLANG_WARN_SUSPICIOUS_MOVE = YES;
				CLANG_WARN_UNGUARDED_AVAILABILITY = YES_AGGRESSIVE;
				CLANG_WARN_UNREACHABLE_CODE = YES;
				CLANG_WARN__DUPLICATE_METHOD_MATCH = YES;
				COPY_PHASE_STRIP = NO;
				DEBUG_INFORMATION_FORMAT = "dwarf-with-dsym";
				ENABLE_NS_ASSERTIONS = NO;
				ENABLE_STRICT_OBJC_MSGSEND = YES;
				GCC_C_LANGUAGE_STANDARD = gnu11;
				GCC_NO_COMMON_BLOCKS = YES;
				GCC_WARN_64_TO_32_BIT_CONVERSION = YES;
				GCC_WARN_ABOUT_RETURN_TYPE = YES_ERROR;
				GCC_WARN_UNDECLARED_SELECTOR = YES;
				GCC_WARN_UNINITIALIZED_AUTOS = YES_AGGRESSIVE;
				GCC_WARN_UNUSED_FUNCTION = YES;
				GCC_WARN_UNUSED_VARIABLE = YES;
				IPHONEOS_DEPLOYMENT_TARGET = 16.4;
				MTL_ENABLE_DEBUG_INFO = NO;
				MTL_FAST_MATH = YES;
				SDKROOT = iphoneos;
				SWIFT_COMPILATION_MODE = wholemodule;
				SWIFT_OPTIMIZATION_LEVEL = "-O";
				VALIDATE_PRODUCT = YES;
			};
			name = Release;
		};
		2BC371312A2C9DE1004D45E2 /* Debug */ = {
			isa = XCBuildConfiguration;
			buildSettings = {
				ASSETCATALOG_COMPILER_APPICON_NAME = AppIcon;
				ASSETCATALOG_COMPILER_GLOBAL_ACCENT_COLOR_NAME = AccentColor;
				CODE_SIGN_STYLE = Automatic;
				CURRENT_PROJECT_VERSION = 1;
				DEVELOPMENT_TEAM = URP9845Z2R;
				GENERATE_INFOPLIST_FILE = YES;
				INFOPLIST_FILE = Guessing/App/Info.plist;
				INFOPLIST_KEY_UIApplicationSupportsIndirectInputEvents = YES;
				INFOPLIST_KEY_UILaunchStoryboardName = LaunchScreen;
				INFOPLIST_KEY_UISupportedInterfaceOrientations = UIInterfaceOrientationPortrait;
				INFOPLIST_KEY_UISupportedInterfaceOrientations_iPad = "UIInterfaceOrientationLandscapeLeft UIInterfaceOrientationLandscapeRight UIInterfaceOrientationPortrait UIInterfaceOrientationPortraitUpsideDown";
				IPHONEOS_DEPLOYMENT_TARGET = 16.2;
				LD_RUNPATH_SEARCH_PATHS = (
					"$(inherited)",
					"@executable_path/Frameworks",
				);
				MARKETING_VERSION = 1.0;
				PRODUCT_BUNDLE_IDENTIFIER = matveiSW.com.Guessing;
				PRODUCT_NAME = "$(TARGET_NAME)";
				SUPPORTED_PLATFORMS = "iphoneos iphonesimulator";
				SUPPORTS_MACCATALYST = NO;
				SUPPORTS_MAC_DESIGNED_FOR_IPHONE_IPAD = NO;
				SWIFT_EMIT_LOC_STRINGS = YES;
				SWIFT_VERSION = 5.0;
				TARGETED_DEVICE_FAMILY = 1;
			};
			name = Debug;
		};
		2BC371322A2C9DE1004D45E2 /* Release */ = {
			isa = XCBuildConfiguration;
			buildSettings = {
				ASSETCATALOG_COMPILER_APPICON_NAME = AppIcon;
				ASSETCATALOG_COMPILER_GLOBAL_ACCENT_COLOR_NAME = AccentColor;
				CODE_SIGN_STYLE = Automatic;
				CURRENT_PROJECT_VERSION = 1;
				DEVELOPMENT_TEAM = URP9845Z2R;
				GENERATE_INFOPLIST_FILE = YES;
				INFOPLIST_FILE = Guessing/App/Info.plist;
				INFOPLIST_KEY_UIApplicationSupportsIndirectInputEvents = YES;
				INFOPLIST_KEY_UILaunchStoryboardName = LaunchScreen;
				INFOPLIST_KEY_UISupportedInterfaceOrientations = UIInterfaceOrientationPortrait;
				INFOPLIST_KEY_UISupportedInterfaceOrientations_iPad = "UIInterfaceOrientationLandscapeLeft UIInterfaceOrientationLandscapeRight UIInterfaceOrientationPortrait UIInterfaceOrientationPortraitUpsideDown";
				IPHONEOS_DEPLOYMENT_TARGET = 16.2;
				LD_RUNPATH_SEARCH_PATHS = (
					"$(inherited)",
					"@executable_path/Frameworks",
				);
				MARKETING_VERSION = 1.0;
				PRODUCT_BUNDLE_IDENTIFIER = matveiSW.com.Guessing;
				PRODUCT_NAME = "$(TARGET_NAME)";
				SUPPORTED_PLATFORMS = "iphoneos iphonesimulator";
				SUPPORTS_MACCATALYST = NO;
				SUPPORTS_MAC_DESIGNED_FOR_IPHONE_IPAD = NO;
				SWIFT_EMIT_LOC_STRINGS = YES;
				SWIFT_VERSION = 5.0;
				TARGETED_DEVICE_FAMILY = 1;
			};
			name = Release;
		};
/* End XCBuildConfiguration section */

/* Begin XCConfigurationList section */
		2BC371172A2C9DE0004D45E2 /* Build configuration list for PBXProject "Guessing" */ = {
			isa = XCConfigurationList;
			buildConfigurations = (
				2BC3712E2A2C9DE1004D45E2 /* Debug */,
				2BC3712F2A2C9DE1004D45E2 /* Release */,
			);
			defaultConfigurationIsVisible = 0;
			defaultConfigurationName = Release;
		};
		2BC371302A2C9DE1004D45E2 /* Build configuration list for PBXNativeTarget "Guessing" */ = {
			isa = XCConfigurationList;
			buildConfigurations = (
				2BC371312A2C9DE1004D45E2 /* Debug */,
				2BC371322A2C9DE1004D45E2 /* Release */,
			);
			defaultConfigurationIsVisible = 0;
			defaultConfigurationName = Release;
		};
/* End XCConfigurationList section */
	};
	rootObject = 2BC371142A2C9DE0004D45E2 /* Project object */;
}
